// !$*UTF8*$!
{
	archiveVersion = 1;
	classes = {
	};
	objectVersion = 56;
	objects = {

/* Begin PBXBuildFile section */
		001000000000000000000001 /* DelayPleaseApp.swift in Sources */ = {isa = PBXBuildFile; fileRef = 002000000000000000000001 /* DelayPleaseApp.swift */; };
		001000000000000000000002 /* ContentView.swift in Sources */ = {isa = PBXBuildFile; fileRef = 002000000000000000000002 /* ContentView.swift */; };
		001000000000000000000003 /* DelayGroup.swift in Sources */ = {isa = PBXBuildFile; fileRef = 002000000000000000000003 /* DelayGroup.swift */; };
		001000000000000000000004 /* GroupStore.swift in Sources */ = {isa = PBXBuildFile; fileRef = 002000000000000000000004 /* GroupStore.swift */; };
		001000000000000000000005 /* ScreenTimePolicy.swift in Sources */ = {isa = PBXBuildFile; fileRef = 002000000000000000000005 /* ScreenTimePolicy.swift */; };
		001000000000000000000006 /* ShieldConfigurationExtension.swift in Sources */ = {isa = PBXBuildFile; fileRef = 002000000000000000000006 /* ShieldConfigurationExtension.swift */; };
		001000000000000000000007 /* DelayGroup.swift in Sources */ = {isa = PBXBuildFile; fileRef = 002000000000000000000003 /* DelayGroup.swift */; };
		001000000000000000000008 /* ScreenTimePolicy.swift in Sources */ = {isa = PBXBuildFile; fileRef = 002000000000000000000005 /* ScreenTimePolicy.swift */; };
		001000000000000000000009 /* ShieldActionExtension.swift in Sources */ = {isa = PBXBuildFile; fileRef = 002000000000000000000007 /* ShieldActionExtension.swift */; };
		00100000000000000000000A /* DelayGroup.swift in Sources */ = {isa = PBXBuildFile; fileRef = 002000000000000000000003 /* DelayGroup.swift */; };
		00100000000000000000000B /* ScreenTimePolicy.swift in Sources */ = {isa = PBXBuildFile; fileRef = 002000000000000000000005 /* ScreenTimePolicy.swift */; };
		00100000000000000000000C /* DeviceActivityMonitorExtension.swift in Sources */ = {isa = PBXBuildFile; fileRef = 002000000000000000000008 /* DeviceActivityMonitorExtension.swift */; };
		00100000000000000000000D /* DelayGroup.swift in Sources */ = {isa = PBXBuildFile; fileRef = 002000000000000000000003 /* DelayGroup.swift */; };
		00100000000000000000000E /* ScreenTimePolicy.swift in Sources */ = {isa = PBXBuildFile; fileRef = 002000000000000000000005 /* ScreenTimePolicy.swift */; };
		00100000000000000000000F /* ShieldConfigurationExtension.appex in Embed App Extensions */ = {isa = PBXBuildFile; fileRef = 003000000000000000000002 /* ShieldConfigurationExtension.appex */; settings = {ATTRIBUTES = (RemoveHeadersOnCopy, ); }; };
		001000000000000000000010 /* ShieldActionExtension.appex in Embed App Extensions */ = {isa = PBXBuildFile; fileRef = 003000000000000000000003 /* ShieldActionExtension.appex */; settings = {ATTRIBUTES = (RemoveHeadersOnCopy, ); }; };
		001000000000000000000011 /* DeviceActivityMonitorExtension.appex in Embed App Extensions */ = {isa = PBXBuildFile; fileRef = 003000000000000000000004 /* DeviceActivityMonitorExtension.appex */; settings = {ATTRIBUTES = (RemoveHeadersOnCopy, ); }; };
/* End PBXBuildFile section */

/* Begin PBXContainerItemProxy section */
		004000000000000000000001 /* PBXContainerItemProxy */ = {
			isa = PBXContainerItemProxy;
			containerPortal = 009000000000000000000001 /* Project object */;
			proxyType = 1;
			remoteGlobalIDString = 005000000000000000000002;
			remoteInfo = ShieldConfigurationExtension;
		};
		004000000000000000000002 /* PBXContainerItemProxy */ = {
			isa = PBXContainerItemProxy;
			containerPortal = 009000000000000000000001 /* Project object */;
			proxyType = 1;
			remoteGlobalIDString = 005000000000000000000003;
			remoteInfo = ShieldActionExtension;
		};
		004000000000000000000003 /* PBXContainerItemProxy */ = {
			isa = PBXContainerItemProxy;
			containerPortal = 009000000000000000000001 /* Project object */;
			proxyType = 1;
			remoteGlobalIDString = 005000000000000000000004;
			remoteInfo = DeviceActivityMonitorExtension;
		};
/* End PBXContainerItemProxy section */

/* Begin PBXCopyFilesBuildPhase section */
		006000000000000000000001 /* Embed App Extensions */ = {
			isa = PBXCopyFilesBuildPhase;
			buildActionMask = 2147483647;
			dstPath = "";
			dstSubfolderSpec = 13;
			files = (
				00100000000000000000000F /* ShieldConfigurationExtension.appex in Embed App Extensions */,
				001000000000000000000010 /* ShieldActionExtension.appex in Embed App Extensions */,
				001000000000000000000011 /* DeviceActivityMonitorExtension.appex in Embed App Extensions */,
			);
			name = "Embed App Extensions";
			runOnlyForDeploymentPostprocessing = 0;
		};
/* End PBXCopyFilesBuildPhase section */

/* Begin PBXFileReference section */
		002000000000000000000001 /* DelayPleaseApp.swift */ = {isa = PBXFileReference; lastKnownFileType = sourcecode.swift; path = DelayPleaseApp.swift; sourceTree = "<group>"; };
		002000000000000000000002 /* ContentView.swift */ = {isa = PBXFileReference; lastKnownFileType = sourcecode.swift; path = ContentView.swift; sourceTree = "<group>"; };
		002000000000000000000003 /* DelayGroup.swift */ = {isa = PBXFileReference; lastKnownFileType = sourcecode.swift; path = DelayGroup.swift; sourceTree = "<group>"; };
		002000000000000000000004 /* GroupStore.swift */ = {isa = PBXFileReference; lastKnownFileType = sourcecode.swift; path = GroupStore.swift; sourceTree = "<group>"; };
		002000000000000000000005 /* ScreenTimePolicy.swift */ = {isa = PBXFileReference; lastKnownFileType = sourcecode.swift; path = ScreenTimePolicy.swift; sourceTree = "<group>"; };
		002000000000000000000006 /* ShieldConfigurationExtension.swift */ = {isa = PBXFileReference; lastKnownFileType = sourcecode.swift; path = ShieldConfigurationExtension.swift; sourceTree = "<group>"; };
		002000000000000000000007 /* ShieldActionExtension.swift */ = {isa = PBXFileReference; lastKnownFileType = sourcecode.swift; path = ShieldActionExtension.swift; sourceTree = "<group>"; };
		002000000000000000000008 /* DeviceActivityMonitorExtension.swift */ = {isa = PBXFileReference; lastKnownFileType = sourcecode.swift; path = DeviceActivityMonitorExtension.swift; sourceTree = "<group>"; };
		002000000000000000000009 /* DelayPlease.entitlements */ = {isa = PBXFileReference; lastKnownFileType = text.plist.entitlements; path = DelayPlease.entitlements; sourceTree = "<group>"; };
		00200000000000000000000A /* ShieldConfigurationExtension.entitlements */ = {isa = PBXFileReference; lastKnownFileType = text.plist.entitlements; path = ShieldConfigurationExtension.entitlements; sourceTree = "<group>"; };
		00200000000000000000000B /* ShieldActionExtension.entitlements */ = {isa = PBXFileReference; lastKnownFileType = text.plist.entitlements; path = ShieldActionExtension.entitlements; sourceTree = "<group>"; };
		00200000000000000000000C /* DeviceActivityMonitorExtension.entitlements */ = {isa = PBXFileReference; lastKnownFileType = text.plist.entitlements; path = DeviceActivityMonitorExtension.entitlements; sourceTree = "<group>"; };
		00200000000000000000000D /* Info.plist */ = {isa = PBXFileReference; lastKnownFileType = text.plist.xml; path = Info.plist; sourceTree = "<group>"; };
		00200000000000000000000E /* Info.plist */ = {isa = PBXFileReference; lastKnownFileType = text.plist.xml; path = Info.plist; sourceTree = "<group>"; };
		00200000000000000000000F /* Info.plist */ = {isa = PBXFileReference; lastKnownFileType = text.plist.xml; path = Info.plist; sourceTree = "<group>"; };
		002000000000000000000010 /* Info.plist */ = {isa = PBXFileReference; lastKnownFileType = text.plist.xml; path = Info.plist; sourceTree = "<group>"; };
		003000000000000000000001 /* DelayPlease.app */ = {isa = PBXFileReference; explicitFileType = wrapper.application; includeInIndex = 0; path = DelayPlease.app; sourceTree = BUILT_PRODUCTS_DIR; };
		003000000000000000000002 /* ShieldConfigurationExtension.appex */ = {isa = PBXFileReference; explicitFileType = "wrapper.app-extension"; includeInIndex = 0; path = ShieldConfigurationExtension.appex; sourceTree = BUILT_PRODUCTS_DIR; };
		003000000000000000000003 /* ShieldActionExtension.appex */ = {isa = PBXFileReference; explicitFileType = "wrapper.app-extension"; includeInIndex = 0; path = ShieldActionExtension.appex; sourceTree = BUILT_PRODUCTS_DIR; };
		003000000000000000000004 /* DeviceActivityMonitorExtension.appex */ = {isa = PBXFileReference; explicitFileType = "wrapper.app-extension"; includeInIndex = 0; path = DeviceActivityMonitorExtension.appex; sourceTree = BUILT_PRODUCTS_DIR; };
/* End PBXFileReference section */

/* Begin PBXFrameworksBuildPhase section */
		007000000000000000000001 /* Frameworks */ = {
			isa = PBXFrameworksBuildPhase;
			buildActionMask = 2147483647;
			files = (
			);
			runOnlyForDeploymentPostprocessing = 0;
		};
		007000000000000000000002 /* Frameworks */ = {
			isa = PBXFrameworksBuildPhase;
			buildActionMask = 2147483647;
			files = (
			);
			runOnlyForDeploymentPostprocessing = 0;
		};
		007000000000000000000003 /* Frameworks */ = {
			isa = PBXFrameworksBuildPhase;
			buildActionMask = 2147483647;
			files = (
			);
			runOnlyForDeploymentPostprocessing = 0;
		};
		007000000000000000000004 /* Frameworks */ = {
			isa = PBXFrameworksBuildPhase;
			buildActionMask = 2147483647;
			files = (
			);
			runOnlyForDeploymentPostprocessing = 0;
		};
/* End PBXFrameworksBuildPhase section */

/* Begin PBXGroup section */
		008000000000000000000001 = {
			isa = PBXGroup;
			children = (
				008000000000000000000002 /* DelayPlease */,
				008000000000000000000003 /* Shared */,
				008000000000000000000004 /* ShieldConfigurationExtension */,
				008000000000000000000005 /* ShieldActionExtension */,
				008000000000000000000006 /* DeviceActivityMonitorExtension */,
				008000000000000000000007 /* Products */,
			);
			sourceTree = "<group>";
		};
		008000000000000000000002 /* DelayPlease */ = {
			isa = PBXGroup;
			children = (
				002000000000000000000001 /* DelayPleaseApp.swift */,
				002000000000000000000002 /* ContentView.swift */,
				00200000000000000000000D /* Info.plist */,
				002000000000000000000009 /* DelayPlease.entitlements */,
			);
			path = DelayPlease;
			sourceTree = "<group>";
		};
		008000000000000000000003 /* Shared */ = {
			isa = PBXGroup;
			children = (
				002000000000000000000003 /* DelayGroup.swift */,
				002000000000000000000004 /* GroupStore.swift */,
				002000000000000000000005 /* ScreenTimePolicy.swift */,
			);
			path = Shared;
			sourceTree = "<group>";
		};
		008000000000000000000004 /* ShieldConfigurationExtension */ = {
			isa = PBXGroup;
			children = (
				002000000000000000000006 /* ShieldConfigurationExtension.swift */,
				00200000000000000000000E /* Info.plist */,
				00200000000000000000000A /* ShieldConfigurationExtension.entitlements */,
			);
			path = ShieldConfigurationExtension;
			sourceTree = "<group>";
		};
		008000000000000000000005 /* ShieldActionExtension */ = {
			isa = PBXGroup;
			children = (
				002000000000000000000007 /* ShieldActionExtension.swift */,
				00200000000000000000000F /* Info.plist */,
				00200000000000000000000B /* ShieldActionExtension.entitlements */,
			);
			path = ShieldActionExtension;
			sourceTree = "<group>";
		};
		008000000000000000000006 /* DeviceActivityMonitorExtension */ = {
			isa = PBXGroup;
			children = (
				002000000000000000000008 /* DeviceActivityMonitorExtension.swift */,
				002000000000000000000010 /* Info.plist */,
				00200000000000000000000C /* DeviceActivityMonitorExtension.entitlements */,
			);
			path = DeviceActivityMonitorExtension;
			sourceTree = "<group>";
		};
		008000000000000000000007 /* Products */ = {
			isa = PBXGroup;
			children = (
				003000000000000000000001 /* DelayPlease.app */,
				003000000000000000000002 /* ShieldConfigurationExtension.appex */,
				003000000000000000000003 /* ShieldActionExtension.appex */,
				003000000000000000000004 /* DeviceActivityMonitorExtension.appex */,
			);
			name = Products;
			sourceTree = "<group>";
		};
/* End PBXGroup section */

/* Begin PBXNativeTarget section */
		005000000000000000000001 /* DelayPlease */ = {
			isa = PBXNativeTarget;
			buildConfigurationList = 010000000000000000000001 /* Build configuration list for PBXNativeTarget "DelayPlease" */;
			buildPhases = (
				011000000000000000000001 /* Sources */,
				007000000000000000000001 /* Frameworks */,
				012000000000000000000001 /* Resources */,
				006000000000000000000001 /* Embed App Extensions */,
			);
			buildRules = (
			);
			dependencies = (
				013000000000000000000001 /* PBXTargetDependency */,
				013000000000000000000002 /* PBXTargetDependency */,
				013000000000000000000003 /* PBXTargetDependency */,
			);
			name = DelayPlease;
			productName = DelayPlease;
			productReference = 003000000000000000000001 /* DelayPlease.app */;
			productType = "com.apple.product-type.application";
		};
		005000000000000000000002 /* ShieldConfigurationExtension */ = {
			isa = PBXNativeTarget;
			buildConfigurationList = 010000000000000000000002 /* Build configuration list for PBXNativeTarget "ShieldConfigurationExtension" */;
			buildPhases = (
				011000000000000000000002 /* Sources */,
				007000000000000000000002 /* Frameworks */,
				012000000000000000000002 /* Resources */,
			);
			buildRules = (
			);
			dependencies = (
			);
			name = ShieldConfigurationExtension;
			productName = ShieldConfigurationExtension;
			productReference = 003000000000000000000002 /* ShieldConfigurationExtension.appex */;
			productType = "com.apple.product-type.app-extension";
		};
		005000000000000000000003 /* ShieldActionExtension */ = {
			isa = PBXNativeTarget;
			buildConfigurationList = 010000000000000000000003 /* Build configuration list for PBXNativeTarget "ShieldActionExtension" */;
			buildPhases = (
				011000000000000000000003 /* Sources */,
				007000000000000000000003 /* Frameworks */,
				012000000000000000000003 /* Resources */,
			);
			buildRules = (
			);
			dependencies = (
			);
			name = ShieldActionExtension;
			productName = ShieldActionExtension;
			productReference = 003000000000000000000003 /* ShieldActionExtension.appex */;
			productType = "com.apple.product-type.app-extension";
		};
		005000000000000000000004 /* DeviceActivityMonitorExtension */ = {
			isa = PBXNativeTarget;
			buildConfigurationList = 010000000000000000000004 /* Build configuration list for PBXNativeTarget "DeviceActivityMonitorExtension" */;
			buildPhases = (
				011000000000000000000004 /* Sources */,
				007000000000000000000004 /* Frameworks */,
				012000000000000000000004 /* Resources */,
			);
			buildRules = (
			);
			dependencies = (
			);
			name = DeviceActivityMonitorExtension;
			productName = DeviceActivityMonitorExtension;
			productReference = 003000000000000000000004 /* DeviceActivityMonitorExtension.appex */;
			productType = "com.apple.product-type.app-extension";
		};
/* End PBXNativeTarget section */

/* Begin PBXProject section */
		009000000000000000000001 /* Project object */ = {
			isa = PBXProject;
			attributes = {
				BuildIndependentTargetsInParallel = 1;
				LastSwiftUpdateCheck = 2650;
				LastUpgradeCheck = 2650;
				TargetAttributes = {
					005000000000000000000001 = {
						ProvisioningStyle = Automatic;
					};
					005000000000000000000002 = {
						ProvisioningStyle = Automatic;
					};
					005000000000000000000003 = {
						ProvisioningStyle = Automatic;
					};
					005000000000000000000004 = {
						ProvisioningStyle = Automatic;
					};
				};
			};
			buildConfigurationList = 010000000000000000000005 /* Build configuration list for PBXProject "DelayPlease" */;
			compatibilityVersion = "Xcode 14.0";
			developmentRegion = en;
			hasScannedForEncodings = 0;
			knownRegions = (
				en,
				Base,
			);
			mainGroup = 008000000000000000000001;
			productRefGroup = 008000000000000000000007 /* Products */;
			projectDirPath = "";
			projectRoot = "";
			targets = (
				005000000000000000000001 /* DelayPlease */,
				005000000000000000000002 /* ShieldConfigurationExtension */,
				005000000000000000000003 /* ShieldActionExtension */,
				005000000000000000000004 /* DeviceActivityMonitorExtension */,
			);
		};
/* End PBXProject section */

/* Begin PBXResourcesBuildPhase section */
		012000000000000000000001 /* Resources */ = {
			isa = PBXResourcesBuildPhase;
			buildActionMask = 2147483647;
			files = (
			);
			runOnlyForDeploymentPostprocessing = 0;
		};
		012000000000000000000002 /* Resources */ = {
			isa = PBXResourcesBuildPhase;
			buildActionMask = 2147483647;
			files = (
			);
			runOnlyForDeploymentPostprocessing = 0;
		};
		012000000000000000000003 /* Resources */ = {
			isa = PBXResourcesBuildPhase;
			buildActionMask = 2147483647;
			files = (
			);
			runOnlyForDeploymentPostprocessing = 0;
		};
		012000000000000000000004 /* Resources */ = {
			isa = PBXResourcesBuildPhase;
			buildActionMask = 2147483647;
			files = (
			);
			runOnlyForDeploymentPostprocessing = 0;
		};
/* End PBXResourcesBuildPhase section */

/* Begin PBXSourcesBuildPhase section */
		011000000000000000000001 /* Sources */ = {
			isa = PBXSourcesBuildPhase;
			buildActionMask = 2147483647;
			files = (
				001000000000000000000001 /* DelayPleaseApp.swift in Sources */,
				001000000000000000000002 /* ContentView.swift in Sources */,
				001000000000000000000003 /* DelayGroup.swift in Sources */,
				001000000000000000000004 /* GroupStore.swift in Sources */,
				001000000000000000000005 /* ScreenTimePolicy.swift in Sources */,
			);
			runOnlyForDeploymentPostprocessing = 0;
		};
		011000000000000000000002 /* Sources */ = {
			isa = PBXSourcesBuildPhase;
			buildActionMask = 2147483647;
			files = (
				001000000000000000000006 /* ShieldConfigurationExtension.swift in Sources */,
				001000000000000000000007 /* DelayGroup.swift in Sources */,
				001000000000000000000008 /* ScreenTimePolicy.swift in Sources */,
			);
			runOnlyForDeploymentPostprocessing = 0;
		};
		011000000000000000000003 /* Sources */ = {
			isa = PBXSourcesBuildPhase;
			buildActionMask = 2147483647;
			files = (
				001000000000000000000009 /* ShieldActionExtension.swift in Sources */,
				00100000000000000000000A /* DelayGroup.swift in Sources */,
				00100000000000000000000B /* ScreenTimePolicy.swift in Sources */,
			);
			runOnlyForDeploymentPostprocessing = 0;
		};
		011000000000000000000004 /* Sources */ = {
			isa = PBXSourcesBuildPhase;
			buildActionMask = 2147483647;
			files = (
				00100000000000000000000C /* DeviceActivityMonitorExtension.swift in Sources */,
				00100000000000000000000D /* DelayGroup.swift in Sources */,
				00100000000000000000000E /* ScreenTimePolicy.swift in Sources */,
			);
			runOnlyForDeploymentPostprocessing = 0;
		};
/* End PBXSourcesBuildPhase section */

/* Begin PBXTargetDependency section */
		013000000000000000000001 /* PBXTargetDependency */ = {
			isa = PBXTargetDependency;
			target = 005000000000000000000002 /* ShieldConfigurationExtension */;
			targetProxy = 004000000000000000000001 /* PBXContainerItemProxy */;
		};
		013000000000000000000002 /* PBXTargetDependency */ = {
			isa = PBXTargetDependency;
			target = 005000000000000000000003 /* ShieldActionExtension */;
			targetProxy = 004000000000000000000002 /* PBXContainerItemProxy */;
		};
		013000000000000000000003 /* PBXTargetDependency */ = {
			isa = PBXTargetDependency;
			target = 005000000000000000000004 /* DeviceActivityMonitorExtension */;
			targetProxy = 004000000000000000000003 /* PBXContainerItemProxy */;
		};
/* End PBXTargetDependency section */

/* Begin XCBuildConfiguration section */
		014000000000000000000001 /* Debug */ = {
			isa = XCBuildConfiguration;
			buildSettings = {
				CODE_SIGN_ENTITLEMENTS = DelayPlease/DelayPlease.entitlements;
				DEVELOPMENT_TEAM = CCAR39TNUP;
				INFOPLIST_FILE = DelayPlease/Info.plist;
				PRODUCT_BUNDLE_IDENTIFIER = com.mebn.delayplease;
				PRODUCT_NAME = "$(TARGET_NAME)";
			};
			name = Debug;
		};
		014000000000000000000002 /* Release */ = {
			isa = XCBuildConfiguration;
			buildSettings = {
				CODE_SIGN_ENTITLEMENTS = DelayPlease/DelayPlease.entitlements;
				DEVELOPMENT_TEAM = CCAR39TNUP;
				INFOPLIST_FILE = DelayPlease/Info.plist;
				PRODUCT_BUNDLE_IDENTIFIER = com.mebn.delayplease;
				PRODUCT_NAME = "$(TARGET_NAME)";
			};
			name = Release;
		};
		014000000000000000000003 /* Debug */ = {
			isa = XCBuildConfiguration;
			buildSettings = {
				APPLICATION_EXTENSION_API_ONLY = YES;
				CODE_SIGN_ENTITLEMENTS = ShieldConfigurationExtension/ShieldConfigurationExtension.entitlements;
				DEVELOPMENT_TEAM = CCAR39TNUP;
				INFOPLIST_FILE = ShieldConfigurationExtension/Info.plist;
				LD_RUNPATH_SEARCH_PATHS = (
					"$(inherited)",
					"@executable_path/Frameworks",
					"@executable_path/../../Frameworks",
				);
				PRODUCT_BUNDLE_IDENTIFIER = com.mebn.delayplease.ShieldConfigurationExtension;
				PRODUCT_NAME = "$(TARGET_NAME)";
				SKIP_INSTALL = YES;
			};
			name = Debug;
		};
		014000000000000000000004 /* Release */ = {
			isa = XCBuildConfiguration;
			buildSettings = {
				APPLICATION_EXTENSION_API_ONLY = YES;
				CODE_SIGN_ENTITLEMENTS = ShieldConfigurationExtension/ShieldConfigurationExtension.entitlements;
				DEVELOPMENT_TEAM = CCAR39TNUP;
				INFOPLIST_FILE = ShieldConfigurationExtension/Info.plist;
				LD_RUNPATH_SEARCH_PATHS = (
					"$(inherited)",
					"@executable_path/Frameworks",
					"@executable_path/../../Frameworks",
				);
				PRODUCT_BUNDLE_IDENTIFIER = com.mebn.delayplease.ShieldConfigurationExtension;
				PRODUCT_NAME = "$(TARGET_NAME)";
				SKIP_INSTALL = YES;
			};
			name = Release;
		};
		014000000000000000000005 /* Debug */ = {
			isa = XCBuildConfiguration;
			buildSettings = {
				APPLICATION_EXTENSION_API_ONLY = YES;
				CODE_SIGN_ENTITLEMENTS = ShieldActionExtension/ShieldActionExtension.entitlements;
				DEVELOPMENT_TEAM = CCAR39TNUP;
				INFOPLIST_FILE = ShieldActionExtension/Info.plist;
				LD_RUNPATH_SEARCH_PATHS = (
					"$(inherited)",
					"@executable_path/Frameworks",
					"@executable_path/../../Frameworks",
				);
				PRODUCT_BUNDLE_IDENTIFIER = com.mebn.delayplease.ShieldActionExtension;
				PRODUCT_NAME = "$(TARGET_NAME)";
				SKIP_INSTALL = YES;
			};
			name = Debug;
		};
		014000000000000000000006 /* Release */ = {
			isa = XCBuildConfiguration;
			buildSettings = {
				APPLICATION_EXTENSION_API_ONLY = YES;
				CODE_SIGN_ENTITLEMENTS = ShieldActionExtension/ShieldActionExtension.entitlements;
				DEVELOPMENT_TEAM = CCAR39TNUP;
				INFOPLIST_FILE = ShieldActionExtension/Info.plist;
				LD_RUNPATH_SEARCH_PATHS = (
					"$(inherited)",
					"@executable_path/Frameworks",
					"@executable_path/../../Frameworks",
				);
				PRODUCT_BUNDLE_IDENTIFIER = com.mebn.delayplease.ShieldActionExtension;
				PRODUCT_NAME = "$(TARGET_NAME)";
				SKIP_INSTALL = YES;
			};
			name = Release;
		};
		014000000000000000000007 /* Debug */ = {
			isa = XCBuildConfiguration;
			buildSettings = {
				APPLICATION_EXTENSION_API_ONLY = YES;
				CODE_SIGN_ENTITLEMENTS = DeviceActivityMonitorExtension/DeviceActivityMonitorExtension.entitlements;
				DEVELOPMENT_TEAM = CCAR39TNUP;
				INFOPLIST_FILE = DeviceActivityMonitorExtension/Info.plist;
				LD_RUNPATH_SEARCH_PATHS = (
					"$(inherited)",
					"@executable_path/Frameworks",
					"@executable_path/../../Frameworks",
				);
				PRODUCT_BUNDLE_IDENTIFIER = com.mebn.delayplease.DeviceActivityMonitorExtension;
				PRODUCT_NAME = "$(TARGET_NAME)";
				SKIP_INSTALL = YES;
			};
			name = Debug;
		};
		014000000000000000000008 /* Release */ = {
			isa = XCBuildConfiguration;
			buildSettings = {
				APPLICATION_EXTENSION_API_ONLY = YES;
				CODE_SIGN_ENTITLEMENTS = DeviceActivityMonitorExtension/DeviceActivityMonitorExtension.entitlements;
				DEVELOPMENT_TEAM = CCAR39TNUP;
				INFOPLIST_FILE = DeviceActivityMonitorExtension/Info.plist;
				LD_RUNPATH_SEARCH_PATHS = (
					"$(inherited)",
					"@executable_path/Frameworks",
					"@executable_path/../../Frameworks",
				);
				PRODUCT_BUNDLE_IDENTIFIER = com.mebn.delayplease.DeviceActivityMonitorExtension;
				PRODUCT_NAME = "$(TARGET_NAME)";
				SKIP_INSTALL = YES;
			};
			name = Release;
		};
		014000000000000000000009 /* Debug */ = {
			isa = XCBuildConfiguration;
			buildSettings = {
				ALWAYS_SEARCH_USER_PATHS = NO;
				CLANG_ANALYZER_NONNULL = YES;
				CLANG_ANALYZER_NUMBER_OBJECT_CONVERSION = YES_AGGRESSIVE;
				CLANG_CXX_LANGUAGE_STANDARD = "gnu++20";
				CLANG_ENABLE_MODULES = YES;
				CLANG_ENABLE_OBJC_ARC = YES;
				CLANG_ENABLE_OBJC_WEAK = YES;
				CLANG_WARN_BLOCK_CAPTURE_AUTORELEASING = YES;
				CLANG_WARN_BOOL_CONVERSION = YES;
				CLANG_WARN_COMMA = YES;
				CLANG_WARN_CONSTANT_CONVERSION = YES;
				CLANG_WARN_DEPRECATED_OBJC_IMPLEMENTATIONS = YES;
				CLANG_WARN_DIRECT_OBJC_ISA_USAGE = YES_ERROR;
				CLANG_WARN_DOCUMENTATION_COMMENTS = YES;
				CLANG_WARN_EMPTY_BODY = YES;
				CLANG_WARN_ENUM_CONVERSION = YES;
				CLANG_WARN_INFINITE_RECURSION = YES;
				CLANG_WARN_INT_CONVERSION = YES;
				CLANG_WARN_NON_LITERAL_NULL_CONVERSION = YES;
				CLANG_WARN_OBJC_IMPLICIT_RETAIN_SELF = YES;
				CLANG_WARN_OBJC_LITERAL_CONVERSION = YES;
				CLANG_WARN_OBJC_ROOT_CLASS = YES_ERROR;
				CLANG_WARN_QUOTED_INCLUDE_IN_FRAMEWORK_HEADER = YES;
				CLANG_WARN_RANGE_LOOP_ANALYSIS = YES;
				CLANG_WARN_STRICT_PROTOTYPES = YES;
				CLANG_WARN_SUSPICIOUS_MOVE = YES;
				CLANG_WARN_UNGUARDED_AVAILABILITY = YES_AGGRESSIVE;
				CLANG_WARN_UNREACHABLE_CODE = YES;
				CLANG_WARN__DUPLICATE_METHOD_MATCH = YES;
				CODE_SIGN_STYLE = Automatic;
				COPY_PHASE_STRIP = NO;
				CURRENT_PROJECT_VERSION = 1;
				DEBUG_INFORMATION_FORMAT = dwarf;
				DEVELOPMENT_ASSET_PATHS = "";
				DEVELOPMENT_TEAM = "";
				ENABLE_STRICT_OBJC_MSGSEND = YES;
				ENABLE_TESTABILITY = YES;
				ENABLE_USER_SCRIPT_SANDBOXING = YES;
				GCC_C_LANGUAGE_STANDARD = gnu17;
				GCC_DYNAMIC_NO_PIC = NO;
				GCC_NO_COMMON_BLOCKS = YES;
				GCC_OPTIMIZATION_LEVEL = 0;
				GCC_PREPROCESSOR_DEFINITIONS = (
					"DEBUG=1",
					"$(inherited)",
				);
				GCC_WARN_64_TO_32_BIT_CONVERSION = YES;
				GCC_WARN_ABOUT_RETURN_TYPE = YES_ERROR;
				GCC_WARN_UNDECLARED_SELECTOR = YES;
				GCC_WARN_UNINITIALIZED_AUTOS = YES_AGGRESSIVE;
				GCC_WARN_UNUSED_FUNCTION = YES;
				GCC_WARN_UNUSED_VARIABLE = YES;
				IPHONEOS_DEPLOYMENT_TARGET = 16.0;
				LOCALIZATION_PREFERS_STRING_CATALOGS = YES;
				MTL_ENABLE_DEBUG_INFO = INCLUDE_SOURCE;
				MTL_FAST_MATH = YES;
				ONLY_ACTIVE_ARCH = YES;
				SDKROOT = iphoneos;
				SWIFT_ACTIVE_COMPILATION_CONDITIONS = "DEBUG $(inherited)";
				SWIFT_EMIT_LOC_STRINGS = YES;
				SWIFT_VERSION = 5.0;
				TARGETED_DEVICE_FAMILY = "1,2";
			};
			name = Debug;
		};
		01400000000000000000000A /* Release */ = {
			isa = XCBuildConfiguration;
			buildSettings = {
				ALWAYS_SEARCH_USER_PATHS = NO;
				CLANG_ANALYZER_NONNULL = YES;
				CLANG_ANALYZER_NUMBER_OBJECT_CONVERSION = YES_AGGRESSIVE;
				CLANG_CXX_LANGUAGE_STANDARD = "gnu++20";
				CLANG_ENABLE_MODULES = YES;
				CLANG_ENABLE_OBJC_ARC = YES;
				CLANG_ENABLE_OBJC_WEAK = YES;
				CLANG_WARN_BLOCK_CAPTURE_AUTORELEASING = YES;
				CLANG_WARN_BOOL_CONVERSION = YES;
				CLANG_WARN_COMMA = YES;
				CLANG_WARN_CONSTANT_CONVERSION = YES;
				CLANG_WARN_DEPRECATED_OBJC_IMPLEMENTATIONS = YES;
				CLANG_WARN_DIRECT_OBJC_ISA_USAGE = YES_ERROR;
				CLANG_WARN_DOCUMENTATION_COMMENTS = YES;
				CLANG_WARN_EMPTY_BODY = YES;
				CLANG_WARN_ENUM_CONVERSION = YES;
				CLANG_WARN_INFINITE_RECURSION = YES;
				CLANG_WARN_INT_CONVERSION = YES;
				CLANG_WARN_NON_LITERAL_NULL_CONVERSION = YES;
				CLANG_WARN_OBJC_IMPLICIT_RETAIN_SELF = YES;
				CLANG_WARN_OBJC_LITERAL_CONVERSION = YES;
				CLANG_WARN_OBJC_ROOT_CLASS = YES_ERROR;
				CLANG_WARN_QUOTED_INCLUDE_IN_FRAMEWORK_HEADER = YES;
				CLANG_WARN_RANGE_LOOP_ANALYSIS = YES;
				CLANG_WARN_STRICT_PROTOTYPES = YES;
				CLANG_WARN_SUSPICIOUS_MOVE = YES;
				CLANG_WARN_UNGUARDED_AVAILABILITY = YES_AGGRESSIVE;
				CLANG_WARN_UNREACHABLE_CODE = YES;
				CLANG_WARN__DUPLICATE_METHOD_MATCH = YES;
				CODE_SIGN_STYLE = Automatic;
				COPY_PHASE_STRIP = NO;
				CURRENT_PROJECT_VERSION = 1;
				DEBUG_INFORMATION_FORMAT = "dwarf-with-dsym";
				DEVELOPMENT_ASSET_PATHS = "";
				DEVELOPMENT_TEAM = "";
				ENABLE_NS_ASSERTIONS = NO;
				ENABLE_STRICT_OBJC_MSGSEND = YES;
				ENABLE_USER_SCRIPT_SANDBOXING = YES;
				GCC_C_LANGUAGE_STANDARD = gnu17;
				GCC_NO_COMMON_BLOCKS = YES;
				GCC_WARN_64_TO_32_BIT_CONVERSION = YES;
				GCC_WARN_ABOUT_RETURN_TYPE = YES_ERROR;
				GCC_WARN_UNDECLARED_SELECTOR = YES;
				GCC_WARN_UNINITIALIZED_AUTOS = YES_AGGRESSIVE;
				GCC_WARN_UNUSED_FUNCTION = YES;
				GCC_WARN_UNUSED_VARIABLE = YES;
				IPHONEOS_DEPLOYMENT_TARGET = 16.0;
				LOCALIZATION_PREFERS_STRING_CATALOGS = YES;
				MARKETING_VERSION = 1.0;
				MTL_ENABLE_DEBUG_INFO = NO;
				MTL_FAST_MATH = YES;
				SDKROOT = iphoneos;
				SWIFT_COMPILATION_MODE = wholemodule;
				SWIFT_EMIT_LOC_STRINGS = YES;
				SWIFT_OPTIMIZATION_LEVEL = "-O";
				SWIFT_VERSION = 5.0;
				TARGETED_DEVICE_FAMILY = "1,2";
				VALIDATE_PRODUCT = YES;
			};
			name = Release;
		};
/* End XCBuildConfiguration section */

/* Begin XCConfigurationList section */
		010000000000000000000001 /* Build configuration list for PBXNativeTarget "DelayPlease" */ = {
			isa = XCConfigurationList;
			buildConfigurations = (
				014000000000000000000001 /* Debug */,
				014000000000000000000002 /* Release */,
			);
			defaultConfigurationIsVisible = 0;
			defaultConfigurationName = Release;
		};
		010000000000000000000002 /* Build configuration list for PBXNativeTarget "ShieldConfigurationExtension" */ = {
			isa = XCConfigurationList;
			buildConfigurations = (
				014000000000000000000003 /* Debug */,
				014000000000000000000004 /* Release */,
			);
			defaultConfigurationIsVisible = 0;
			defaultConfigurationName = Release;
		};
		010000000000000000000003 /* Build configuration list for PBXNativeTarget "ShieldActionExtension" */ = {
			isa = XCConfigurationList;
			buildConfigurations = (
				014000000000000000000005 /* Debug */,
				014000000000000000000006 /* Release */,
			);
			defaultConfigurationIsVisible = 0;
			defaultConfigurationName = Release;
		};
		010000000000000000000004 /* Build configuration list for PBXNativeTarget "DeviceActivityMonitorExtension" */ = {
			isa = XCConfigurationList;
			buildConfigurations = (
				014000000000000000000007 /* Debug */,
				014000000000000000000008 /* Release */,
			);
			defaultConfigurationIsVisible = 0;
			defaultConfigurationName = Release;
		};
		010000000000000000000005 /* Build configuration list for PBXProject "DelayPlease" */ = {
			isa = XCConfigurationList;
			buildConfigurations = (
				014000000000000000000009 /* Debug */,
				01400000000000000000000A /* Release */,
			);
			defaultConfigurationIsVisible = 0;
			defaultConfigurationName = Release;
		};
/* End XCConfigurationList section */
	};
	rootObject = 009000000000000000000001 /* Project object */;
}
